
Microsoft Visual Studio Solution File, Format Version 12.00
# Visual Studio Version 17
VisualStudioVersion = 17.9.34714.143
MinimumVisualStudioVersion = 10.0.40219.1
Project("{2150E333-8FDC-42A3-9474-1A3956D46DE8}") = "Services", "Services", "{6015AECB-3A1D-476F-85E5-C5212CDF2485}"
EndProject
Project("{2150E333-8FDC-42A3-9474-1A3956D46DE8}") = "Catalog", "Catalog", "{5DDC7717-E035-435A-8C66-A63543E93A2C}"
EndProject
Project("{9A19103F-16F7-4668-BE54-9A1E7A4F7556}") = "Catalog.API", "Services\Catalog\Catalog.API\Catalog.API.csproj", "{B9CE340C-6D60-4F2C-832C-9866B75AF1F4}"
EndProject
Project("{9A19103F-16F7-4668-BE54-9A1E7A4F7556}") = "Catalog.Core", "Services\Catalog\Catalog.Core\Catalog.Core.csproj", "{3CE17C8B-E32F-4306-903A-D0E06AA15367}"
EndProject
Project("{9A19103F-16F7-4668-BE54-9A1E7A4F7556}") = "Catalog.Application", "Services\Catalog\Catalog.Application\Catalog.Application.csproj", "{FFD331A1-0FE4-4770-9B37-EC6D74C2642F}"
EndProject
Project("{9A19103F-16F7-4668-BE54-9A1E7A4F7556}") = "Catalog.Infrastructure", "Services\Catalog\Catalog.Infrastructure\Catalog.Infrastructure.csproj", "{0B66EB7E-A8BA-423F-AA87-C22FA48FBFB7}"
EndProject
Project("{E53339B2-1760-4266-BCC7-CA923CBCF16C}") = "docker-compose", "docker-compose.dcproj", "{AC22D438-BFB5-488E-9E1F-0F3853E651DD}"
EndProject
Project("{2150E333-8FDC-42A3-9474-1A3956D46DE8}") = "Basket", "Basket", "{EB374BA0-F7A9-4F05-83C4-E3B44983C24E}"
EndProject
Project("{9A19103F-16F7-4668-BE54-9A1E7A4F7556}") = "Basket.Core", "Services\Basket\Basket.Core\Basket.Core.csproj", "{51CF8015-D53E-47A0-A618-AD2D21A59086}"
EndProject
Project("{9A19103F-16F7-4668-BE54-9A1E7A4F7556}") = "Basket.Infrastructure", "Services\Basket\Basket.Infrastructure\Basket.Infrastructure.csproj", "{BA46596F-4D2E-4321-BA13-92463BAE79C9}"
EndProject
Project("{9A19103F-16F7-4668-BE54-9A1E7A4F7556}") = "Basket.API", "Services\Basket\Basket.API\Basket.API.csproj", "{6030633D-78DA-450C-926C-3FF9B7ADECAF}"
EndProject
Project("{9A19103F-16F7-4668-BE54-9A1E7A4F7556}") = "Basket.Application", "Services\Basket\Basket.Application\Basket.Application.csproj", "{91F3D05A-7571-4603-93BC-6447FA89BD5C}"
EndProject
Project("{2150E333-8FDC-42A3-9474-1A3956D46DE8}") = "Discount", "Discount", "{385328A7-23D0-4A95-A17E-25B5E8D51B33}"
EndProject
Project("{9A19103F-16F7-4668-BE54-9A1E7A4F7556}") = "Discount.API", "Services\Discount\Discount.API\Discount.API.csproj", "{2D8C8355-EF1E-41DB-9200-2086076AE7E1}"
EndProject
Project("{9A19103F-16F7-4668-BE54-9A1E7A4F7556}") = "Discount.Core", "Services\Discount\Discount.Core\Discount.Core.csproj", "{245B2E0C-7DD5-471F-A611-B395548584C1}"
EndProject
Project("{9A19103F-16F7-4668-BE54-9A1E7A4F7556}") = "Discount.Infrastructure", "Services\Discount\Discount.Infrastructure\Discount.Infrastructure.csproj", "{8AFF1642-D63E-4072-9E86-2DF4845C30C4}"
EndProject
Project("{9A19103F-16F7-4668-BE54-9A1E7A4F7556}") = "Discount.Application", "Services\Discount\Discount.Application\Discount.Application.csproj", "{2FA0C9E3-E354-47C6-BCA2-70C8E2AD3F9C}"
EndProject
Project("{2150E333-8FDC-42A3-9474-1A3956D46DE8}") = "Ordering", "Ordering", "{A6A90925-A39D-4811-8F99-2BF121826219}"
EndProject
Project("{9A19103F-16F7-4668-BE54-9A1E7A4F7556}") = "Ordering.API", "Services\Ordering\Ordering.API\Ordering.API.csproj", "{0BBEC897-9B68-4C14-BA92-E6FCE684B949}"
EndProject
Project("{9A19103F-16F7-4668-BE54-9A1E7A4F7556}") = "Ordering.Core", "Services\Ordering\Ordering.Core\Ordering.Core.csproj", "{C2B6D852-C74B-4204-9797-FA921094C577}"
EndProject
Project("{9A19103F-16F7-4668-BE54-9A1E7A4F7556}") = "Ordering.Application", "Services\Ordering\Ordering.Application\Ordering.Application.csproj", "{9B12871E-653D-42D7-B270-925F2DA535D3}"
EndProject
Project("{9A19103F-16F7-4668-BE54-9A1E7A4F7556}") = "Ordering.Infrastructure", "Services\Ordering\Ordering.Infrastructure\Ordering.Infrastructure.csproj", "{9458ADF7-080A-4052-963A-2C8CDE1EF8A0}"
EndProject
Project("{2150E333-8FDC-42A3-9474-1A3956D46DE8}") = "Infrastructure", "Infrastructure", "{D08E922B-5D27-47BC-BE70-DD7B94F36589}"
EndProject
Project("{9A19103F-16F7-4668-BE54-9A1E7A4F7556}") = "EventBus.Messages", "Infrastructure\EventBus.Messages\EventBus.Messages.csproj", "{0A328B99-6047-47BD-9A35-7D6802664704}"
EndProject
Project("{2150E333-8FDC-42A3-9474-1A3956D46DE8}") = "ApiGateways", "ApiGateways", "{9CB05670-A2B0-422A-8B50-759B29EC4550}"
EndProject
Project("{9A19103F-16F7-4668-BE54-9A1E7A4F7556}") = "Ocelot.ApiGateway", "ApiGateways\Ocelot.ApiGateway\Ocelot.ApiGateway.csproj", "{71DD71D9-4B32-4482-BBE6-0BEC0B3D8A5E}"
EndProject
Project("{9A19103F-16F7-4668-BE54-9A1E7A4F7556}") = "EShopping.Identity", "Infrastructure\EShopping.Identity\EShopping.Identity.csproj", "{8C9FBD84-66B1-4B14-AD97-E015024E9EA9}"
EndProject
Project("{2150E333-8FDC-42A3-9474-1A3956D46DE8}") = "nginx", "nginx", "{60680569-4BB7-4514-BA97-20E5CF5A42E1}"
	ProjectSection(SolutionItems) = preProject
		command.txt = command.txt
		ApiGateways\nginx\Dockerfile = ApiGateways\nginx\Dockerfile
		ApiGateways\nginx\id-local.eshopping.com.crt = ApiGateways\nginx\id-local.eshopping.com.crt
		ApiGateways\nginx\id-local.eshopping.com.key = ApiGateways\nginx\id-local.eshopping.com.key
		ApiGateways\nginx\id-local.eshopping.com.pfx = ApiGateways\nginx\id-local.eshopping.com.pfx
		ApiGateways\nginx\id.local.conf = ApiGateways\nginx\id.local.conf
		ApiGateways\nginx\nginx.local.conf = ApiGateways\nginx\nginx.local.conf
	EndProjectSection
EndProject
Global
	GlobalSection(SolutionConfigurationPlatforms) = preSolution
		Debug|Any CPU = Debug|Any CPU
		Release|Any CPU = Release|Any CPU
	EndGlobalSection
	GlobalSection(ProjectConfigurationPlatforms) = postSolution
		{B9CE340C-6D60-4F2C-832C-9866B75AF1F4}.Debug|Any CPU.ActiveCfg = Debug|Any CPU
		{B9CE340C-6D60-4F2C-832C-9866B75AF1F4}.Debug|Any CPU.Build.0 = Debug|Any CPU
		{B9CE340C-6D60-4F2C-832C-9866B75AF1F4}.Release|Any CPU.ActiveCfg = Release|Any CPU
		{B9CE340C-6D60-4F2C-832C-9866B75AF1F4}.Release|Any CPU.Build.0 = Release|Any CPU
		{3CE17C8B-E32F-4306-903A-D0E06AA15367}.Debug|Any CPU.ActiveCfg = Debug|Any CPU
		{3CE17C8B-E32F-4306-903A-D0E06AA15367}.Debug|Any CPU.Build.0 = Debug|Any CPU
		{3CE17C8B-E32F-4306-903A-D0E06AA15367}.Release|Any CPU.ActiveCfg = Release|Any CPU
		{3CE17C8B-E32F-4306-903A-D0E06AA15367}.Release|Any CPU.Build.0 = Release|Any CPU
		{FFD331A1-0FE4-4770-9B37-EC6D74C2642F}.Debug|Any CPU.ActiveCfg = Debug|Any CPU
		{FFD331A1-0FE4-4770-9B37-EC6D74C2642F}.Debug|Any CPU.Build.0 = Debug|Any CPU
		{FFD331A1-0FE4-4770-9B37-EC6D74C2642F}.Release|Any CPU.ActiveCfg = Release|Any CPU
		{FFD331A1-0FE4-4770-9B37-EC6D74C2642F}.Release|Any CPU.Build.0 = Release|Any CPU
		{0B66EB7E-A8BA-423F-AA87-C22FA48FBFB7}.Debug|Any CPU.ActiveCfg = Debug|Any CPU
		{0B66EB7E-A8BA-423F-AA87-C22FA48FBFB7}.Debug|Any CPU.Build.0 = Debug|Any CPU
		{0B66EB7E-A8BA-423F-AA87-C22FA48FBFB7}.Release|Any CPU.ActiveCfg = Release|Any CPU
		{0B66EB7E-A8BA-423F-AA87-C22FA48FBFB7}.Release|Any CPU.Build.0 = Release|Any CPU
		{AC22D438-BFB5-488E-9E1F-0F3853E651DD}.Debug|Any CPU.ActiveCfg = Debug|Any CPU
		{AC22D438-BFB5-488E-9E1F-0F3853E651DD}.Debug|Any CPU.Build.0 = Debug|Any CPU
		{AC22D438-BFB5-488E-9E1F-0F3853E651DD}.Release|Any CPU.ActiveCfg = Release|Any CPU
		{AC22D438-BFB5-488E-9E1F-0F3853E651DD}.Release|Any CPU.Build.0 = Release|Any CPU
		{51CF8015-D53E-47A0-A618-AD2D21A59086}.Debug|Any CPU.ActiveCfg = Debug|Any CPU
		{51CF8015-D53E-47A0-A618-AD2D21A59086}.Debug|Any CPU.Build.0 = Debug|Any CPU
		{51CF8015-D53E-47A0-A618-AD2D21A59086}.Release|Any CPU.ActiveCfg = Release|Any CPU
		{51CF8015-D53E-47A0-A618-AD2D21A59086}.Release|Any CPU.Build.0 = Release|Any CPU
		{BA46596F-4D2E-4321-BA13-92463BAE79C9}.Debug|Any CPU.ActiveCfg = Debug|Any CPU
		{BA46596F-4D2E-4321-BA13-92463BAE79C9}.Debug|Any CPU.Build.0 = Debug|Any CPU
		{BA46596F-4D2E-4321-BA13-92463BAE79C9}.Release|Any CPU.ActiveCfg = Release|Any CPU
		{BA46596F-4D2E-4321-BA13-92463BAE79C9}.Release|Any CPU.Build.0 = Release|Any CPU
		{6030633D-78DA-450C-926C-3FF9B7ADECAF}.Debug|Any CPU.ActiveCfg = Debug|Any CPU
		{6030633D-78DA-450C-926C-3FF9B7ADECAF}.Debug|Any CPU.Build.0 = Debug|Any CPU
		{6030633D-78DA-450C-926C-3FF9B7ADECAF}.Release|Any CPU.ActiveCfg = Release|Any CPU
		{6030633D-78DA-450C-926C-3FF9B7ADECAF}.Release|Any CPU.Build.0 = Release|Any CPU
		{91F3D05A-7571-4603-93BC-6447FA89BD5C}.Debug|Any CPU.ActiveCfg = Debug|Any CPU
		{91F3D05A-7571-4603-93BC-6447FA89BD5C}.Debug|Any CPU.Build.0 = Debug|Any CPU
		{91F3D05A-7571-4603-93BC-6447FA89BD5C}.Release|Any CPU.ActiveCfg = Release|Any CPU
		{91F3D05A-7571-4603-93BC-6447FA89BD5C}.Release|Any CPU.Build.0 = Release|Any CPU
		{2D8C8355-EF1E-41DB-9200-2086076AE7E1}.Debug|Any CPU.ActiveCfg = Debug|Any CPU
		{2D8C8355-EF1E-41DB-9200-2086076AE7E1}.Debug|Any CPU.Build.0 = Debug|Any CPU
		{2D8C8355-EF1E-41DB-9200-2086076AE7E1}.Release|Any CPU.ActiveCfg = Release|Any CPU
		{2D8C8355-EF1E-41DB-9200-2086076AE7E1}.Release|Any CPU.Build.0 = Release|Any CPU
		{245B2E0C-7DD5-471F-A611-B395548584C1}.Debug|Any CPU.ActiveCfg = Debug|Any CPU
		{245B2E0C-7DD5-471F-A611-B395548584C1}.Debug|Any CPU.Build.0 = Debug|Any CPU
		{245B2E0C-7DD5-471F-A611-B395548584C1}.Release|Any CPU.ActiveCfg = Release|Any CPU
		{245B2E0C-7DD5-471F-A611-B395548584C1}.Release|Any CPU.Build.0 = Release|Any CPU
		{8AFF1642-D63E-4072-9E86-2DF4845C30C4}.Debug|Any CPU.ActiveCfg = Debug|Any CPU
		{8AFF1642-D63E-4072-9E86-2DF4845C30C4}.Debug|Any CPU.Build.0 = Debug|Any CPU
		{8AFF1642-D63E-4072-9E86-2DF4845C30C4}.Release|Any CPU.ActiveCfg = Release|Any CPU
		{8AFF1642-D63E-4072-9E86-2DF4845C30C4}.Release|Any CPU.Build.0 = Release|Any CPU
		{2FA0C9E3-E354-47C6-BCA2-70C8E2AD3F9C}.Debug|Any CPU.ActiveCfg = Debug|Any CPU
		{2FA0C9E3-E354-47C6-BCA2-70C8E2AD3F9C}.Debug|Any CPU.Build.0 = Debug|Any CPU
		{2FA0C9E3-E354-47C6-BCA2-70C8E2AD3F9C}.Release|Any CPU.ActiveCfg = Release|Any CPU
		{2FA0C9E3-E354-47C6-BCA2-70C8E2AD3F9C}.Release|Any CPU.Build.0 = Release|Any CPU
		{0BBEC897-9B68-4C14-BA92-E6FCE684B949}.Debug|Any CPU.ActiveCfg = Debug|Any CPU
		{0BBEC897-9B68-4C14-BA92-E6FCE684B949}.Debug|Any CPU.Build.0 = Debug|Any CPU
		{0BBEC897-9B68-4C14-BA92-E6FCE684B949}.Release|Any CPU.ActiveCfg = Release|Any CPU
		{0BBEC897-9B68-4C14-BA92-E6FCE684B949}.Release|Any CPU.Build.0 = Release|Any CPU
		{C2B6D852-C74B-4204-9797-FA921094C577}.Debug|Any CPU.ActiveCfg = Debug|Any CPU
		{C2B6D852-C74B-4204-9797-FA921094C577}.Debug|Any CPU.Build.0 = Debug|Any CPU
		{C2B6D852-C74B-4204-9797-FA921094C577}.Release|Any CPU.ActiveCfg = Release|Any CPU
		{C2B6D852-C74B-4204-9797-FA921094C577}.Release|Any CPU.Build.0 = Release|Any CPU
		{9B12871E-653D-42D7-B270-925F2DA535D3}.Debug|Any CPU.ActiveCfg = Debug|Any CPU
		{9B12871E-653D-42D7-B270-925F2DA535D3}.Debug|Any CPU.Build.0 = Debug|Any CPU
		{9B12871E-653D-42D7-B270-925F2DA535D3}.Release|Any CPU.ActiveCfg = Release|Any CPU
		{9B12871E-653D-42D7-B270-925F2DA535D3}.Release|Any CPU.Build.0 = Release|Any CPU
		{9458ADF7-080A-4052-963A-2C8CDE1EF8A0}.Debug|Any CPU.ActiveCfg = Debug|Any CPU
		{9458ADF7-080A-4052-963A-2C8CDE1EF8A0}.Debug|Any CPU.Build.0 = Debug|Any CPU
		{9458ADF7-080A-4052-963A-2C8CDE1EF8A0}.Release|Any CPU.ActiveCfg = Release|Any CPU
		{9458ADF7-080A-4052-963A-2C8CDE1EF8A0}.Release|Any CPU.Build.0 = Release|Any CPU
		{0A328B99-6047-47BD-9A35-7D6802664704}.Debug|Any CPU.ActiveCfg = Debug|Any CPU
		{0A328B99-6047-47BD-9A35-7D6802664704}.Debug|Any CPU.Build.0 = Debug|Any CPU
		{0A328B99-6047-47BD-9A35-7D6802664704}.Release|Any CPU.ActiveCfg = Release|Any CPU
		{0A328B99-6047-47BD-9A35-7D6802664704}.Release|Any CPU.Build.0 = Release|Any CPU
		{71DD71D9-4B32-4482-BBE6-0BEC0B3D8A5E}.Debug|Any CPU.ActiveCfg = Debug|Any CPU
		{71DD71D9-4B32-4482-BBE6-0BEC0B3D8A5E}.Debug|Any CPU.Build.0 = Debug|Any CPU
		{71DD71D9-4B32-4482-BBE6-0BEC0B3D8A5E}.Release|Any CPU.ActiveCfg = Release|Any CPU
		{71DD71D9-4B32-4482-BBE6-0BEC0B3D8A5E}.Release|Any CPU.Build.0 = Release|Any CPU
		{8C9FBD84-66B1-4B14-AD97-E015024E9EA9}.Debug|Any CPU.ActiveCfg = Debug|Any CPU
		{8C9FBD84-66B1-4B14-AD97-E015024E9EA9}.Debug|Any CPU.Build.0 = Debug|Any CPU
		{8C9FBD84-66B1-4B14-AD97-E015024E9EA9}.Release|Any CPU.ActiveCfg = Release|Any CPU
		{8C9FBD84-66B1-4B14-AD97-E015024E9EA9}.Release|Any CPU.Build.0 = Release|Any CPU
	EndGlobalSection
	GlobalSection(SolutionProperties) = preSolution
		HideSolutionNode = FALSE
	EndGlobalSection
	GlobalSection(NestedProjects) = preSolution
		{5DDC7717-E035-435A-8C66-A63543E93A2C} = {6015AECB-3A1D-476F-85E5-C5212CDF2485}
		{B9CE340C-6D60-4F2C-832C-9866B75AF1F4} = {5DDC7717-E035-435A-8C66-A63543E93A2C}
		{3CE17C8B-E32F-4306-903A-D0E06AA15367} = {5DDC7717-E035-435A-8C66-A63543E93A2C}
		{FFD331A1-0FE4-4770-9B37-EC6D74C2642F} = {5DDC7717-E035-435A-8C66-A63543E93A2C}
		{0B66EB7E-A8BA-423F-AA87-C22FA48FBFB7} = {5DDC7717-E035-435A-8C66-A63543E93A2C}
		{EB374BA0-F7A9-4F05-83C4-E3B44983C24E} = {6015AECB-3A1D-476F-85E5-C5212CDF2485}
		{51CF8015-D53E-47A0-A618-AD2D21A59086} = {EB374BA0-F7A9-4F05-83C4-E3B44983C24E}
		{BA46596F-4D2E-4321-BA13-92463BAE79C9} = {EB374BA0-F7A9-4F05-83C4-E3B44983C24E}
		{6030633D-78DA-450C-926C-3FF9B7ADECAF} = {EB374BA0-F7A9-4F05-83C4-E3B44983C24E}
		{91F3D05A-7571-4603-93BC-6447FA89BD5C} = {EB374BA0-F7A9-4F05-83C4-E3B44983C24E}
		{385328A7-23D0-4A95-A17E-25B5E8D51B33} = {6015AECB-3A1D-476F-85E5-C5212CDF2485}
		{2D8C8355-EF1E-41DB-9200-2086076AE7E1} = {385328A7-23D0-4A95-A17E-25B5E8D51B33}
		{245B2E0C-7DD5-471F-A611-B395548584C1} = {385328A7-23D0-4A95-A17E-25B5E8D51B33}
		{8AFF1642-D63E-4072-9E86-2DF4845C30C4} = {385328A7-23D0-4A95-A17E-25B5E8D51B33}
		{2FA0C9E3-E354-47C6-BCA2-70C8E2AD3F9C} = {385328A7-23D0-4A95-A17E-25B5E8D51B33}
		{A6A90925-A39D-4811-8F99-2BF121826219} = {6015AECB-3A1D-476F-85E5-C5212CDF2485}
		{0BBEC897-9B68-4C14-BA92-E6FCE684B949} = {A6A90925-A39D-4811-8F99-2BF121826219}
		{C2B6D852-C74B-4204-9797-FA921094C577} = {A6A90925-A39D-4811-8F99-2BF121826219}
		{9B12871E-653D-42D7-B270-925F2DA535D3} = {A6A90925-A39D-4811-8F99-2BF121826219}
		{9458ADF7-080A-4052-963A-2C8CDE1EF8A0} = {A6A90925-A39D-4811-8F99-2BF121826219}
		{0A328B99-6047-47BD-9A35-7D6802664704} = {D08E922B-5D27-47BC-BE70-DD7B94F36589}
		{71DD71D9-4B32-4482-BBE6-0BEC0B3D8A5E} = {9CB05670-A2B0-422A-8B50-759B29EC4550}
		{8C9FBD84-66B1-4B14-AD97-E015024E9EA9} = {D08E922B-5D27-47BC-BE70-DD7B94F36589}
		{60680569-4BB7-4514-BA97-20E5CF5A42E1} = {9CB05670-A2B0-422A-8B50-759B29EC4550}
	EndGlobalSection
	GlobalSection(ExtensibilityGlobals) = postSolution
		SolutionGuid = {80402DCF-5F01-4D28-B1C7-6C5AF6868617}
	EndGlobalSection
EndGlobal
